
Microsoft Visual Studio Solution File, Format Version 12.00
# Visual Studio Version 17
VisualStudioVersion = 17.5.33530.505
MinimumVisualStudioVersion = 10.0.40219.1
Project("{FAE04EC0-301F-11D3-BF4B-00C04F79EFBC}") = "LR1", "LR1.csproj", "{A8367AA3-3AC5-407F-9B9F-A8786163D457}"
EndProject
Global
	GlobalSection(SolutionConfigurationPlatforms) = preSolution
		Debug|Any CPU = Debug|Any CPU
		Release|Any CPU = Release|Any CPU
	EndGlobalSection
	GlobalSection(ProjectConfigurationPlatforms) = postSolution
		{A8367AA3-3AC5-407F-9B9F-A8786163D457}.Debug|Any CPU.ActiveCfg = Debug|Any CPU
		{A8367AA3-3AC5-407F-9B9F-A8786163D457}.Debug|Any CPU.Build.0 = Debug|Any CPU
		{A8367AA3-3AC5-407F-9B9F-A8786163D457}.Release|Any CPU.ActiveCfg = Release|Any CPU
		{A8367AA3-3AC5-407F-9B9F-A8786163D457}.Release|Any CPU.Build.0 = Release|Any CPU
	EndGlobalSection
	GlobalSection(SolutionProperties) = preSolution
		HideSolutionNode = FALSE
	EndGlobalSection
	GlobalSection(ExtensibilityGlobals) = postSolution
		SolutionGuid = {4CC54D8F-8340-4923-840C-0F4A807764F1}
	EndGlobalSection
EndGlobal
